
Microsoft Visual Studio Solution File, Format Version 12.00
Project("{FAE04EC0-301F-11D3-BF4B-00C04F79EFBC}") = "RulesEngine.PoC.UnitTests", "RulesEngine.PoC.UnitTests\RulesEngine.PoC.UnitTests.csproj", "{C4F24A88-E5FC-463B-856D-51B621295DCE}"
EndProject
Project("{FAE04EC0-301F-11D3-BF4B-00C04F79EFBC}") = "RulesEngine.PoC", "..\src\RulesEngine.PoC\RulesEngine.PoC.csproj", "{2BFC285F-BCBF-4C05-ADC1-425C1F73D9D1}"
EndProject
Global
	GlobalSection(SolutionConfigurationPlatforms) = preSolution
		Debug|Any CPU = Debug|Any CPU
		Release|Any CPU = Release|Any CPU
	EndGlobalSection
	GlobalSection(ProjectConfigurationPlatforms) = postSolution
		{C4F24A88-E5FC-463B-856D-51B621295DCE}.Debug|Any CPU.ActiveCfg = Debug|Any CPU
		{C4F24A88-E5FC-463B-856D-51B621295DCE}.Debug|Any CPU.Build.0 = Debug|Any CPU
		{C4F24A88-E5FC-463B-856D-51B621295DCE}.Release|Any CPU.ActiveCfg = Release|Any CPU
		{C4F24A88-E5FC-463B-856D-51B621295DCE}.Release|Any CPU.Build.0 = Release|Any CPU
		{2BFC285F-BCBF-4C05-ADC1-425C1F73D9D1}.Debug|Any CPU.ActiveCfg = Debug|Any CPU
		{2BFC285F-BCBF-4C05-ADC1-425C1F73D9D1}.Debug|Any CPU.Build.0 = Debug|Any CPU
		{2BFC285F-BCBF-4C05-ADC1-425C1F73D9D1}.Release|Any CPU.ActiveCfg = Release|Any CPU
		{2BFC285F-BCBF-4C05-ADC1-425C1F73D9D1}.Release|Any CPU.Build.0 = Release|Any CPU
	EndGlobalSection
EndGlobal
