
Microsoft Visual Studio Solution File, Format Version 12.00
Project("{FAE04EC0-301F-11D3-BF4B-00C04F79EFBC}") = "RulesEngine.PoC", "RulesEngine.PoC\RulesEngine.PoC.csproj", "{DE295AC4-B0B3-4727-B198-C8803F1355FE}"
EndProject
Global
	GlobalSection(SolutionConfigurationPlatforms) = preSolution
		Debug|Any CPU = Debug|Any CPU
		Release|Any CPU = Release|Any CPU
	EndGlobalSection
	GlobalSection(ProjectConfigurationPlatforms) = postSolution
		{DE295AC4-B0B3-4727-B198-C8803F1355FE}.Debug|Any CPU.ActiveCfg = Debug|Any CPU
		{DE295AC4-B0B3-4727-B198-C8803F1355FE}.Debug|Any CPU.Build.0 = Debug|Any CPU
		{DE295AC4-B0B3-4727-B198-C8803F1355FE}.Release|Any CPU.ActiveCfg = Release|Any CPU
		{DE295AC4-B0B3-4727-B198-C8803F1355FE}.Release|Any CPU.Build.0 = Release|Any CPU
	EndGlobalSection
EndGlobal
